
Microsoft Visual Studio Solution File, Format Version 12.00
# Visual Studio 15
VisualStudioVersion = 15.0.27004.2010
MinimumVisualStudioVersion = 10.0.40219.1
Project("{888888A0-9F3D-457C-B088-3A5042F75D52}") = "SpaceFox", "SpaceFox\SpaceFox.pyproj", "{300ADD38-0462-477F-8CA8-4B61365B64F4}"
EndProject
Global
	GlobalSection(SolutionConfigurationPlatforms) = preSolution
		Debug|Any CPU = Debug|Any CPU
		Release|Any CPU = Release|Any CPU
	EndGlobalSection
	GlobalSection(ProjectConfigurationPlatforms) = postSolution
		{300ADD38-0462-477F-8CA8-4B61365B64F4}.Debug|Any CPU.ActiveCfg = Debug|Any CPU
		{300ADD38-0462-477F-8CA8-4B61365B64F4}.Release|Any CPU.ActiveCfg = Release|Any CPU
	EndGlobalSection
	GlobalSection(SolutionProperties) = preSolution
		HideSolutionNode = FALSE
	EndGlobalSection
	GlobalSection(ExtensibilityGlobals) = postSolution
		SolutionGuid = {E74AF0E3-53E0-44B3-8665-754691A7AD54}
	EndGlobalSection
EndGlobal
